
Microsoft Visual Studio Solution File, Format Version 12.00
# Visual Studio Version 16
VisualStudioVersion = 25.0.1706.12
MinimumVisualStudioVersion = 10.0.40219.1
Project("{FAE04EC0-301F-11D3-BF4B-00C04F79EFBC}") = "Question2", "Question2\Question2.csproj", "{524BA894-264F-48B6-8BDA-22C9A683580E}"
EndProject
Global
	GlobalSection(SolutionConfigurationPlatforms) = preSolution
		Debug|Any CPU = Debug|Any CPU
		Release|Any CPU = Release|Any CPU
	EndGlobalSection
	GlobalSection(ProjectConfigurationPlatforms) = postSolution
		{524BA894-264F-48B6-8BDA-22C9A683580E}.Debug|Any CPU.ActiveCfg = Debug|Any CPU
		{524BA894-264F-48B6-8BDA-22C9A683580E}.Debug|Any CPU.Build.0 = Debug|Any CPU
		{524BA894-264F-48B6-8BDA-22C9A683580E}.Release|Any CPU.ActiveCfg = Release|Any CPU
		{524BA894-264F-48B6-8BDA-22C9A683580E}.Release|Any CPU.Build.0 = Release|Any CPU
	EndGlobalSection
	GlobalSection(SolutionProperties) = preSolution
		HideSolutionNode = FALSE
	EndGlobalSection
	GlobalSection(ExtensibilityGlobals) = postSolution
		SolutionGuid = {9672BBDD-CA3A-4EDE-9148-0D29A7063696}
	EndGlobalSection
EndGlobal
